{
    "hash": "10af1158df1816cbf3a6b4913c810855",
    "packages": [
        {
            "name": "doctrine/common",
            "version": "2.3.0",
            "source": {
                "type": "git",
                "url": "https://github.com/doctrine/common",
                "reference": "2.3.0"
            },
            "dist": {
                "type": "zip",
                "url": "https://github.com/doctrine/common/zipball/2.3.0",
                "reference": "2.3.0",
                "shasum": ""
            },
            "require": {
                "php": ">=5.3.2"
            },
            "type": "library",
            "extra": {
                "branch-alias": {
                    "dev-master": "2.3.x-dev"
                }
            },
            "autoload": {
                "psr-0": {
                    "Doctrine\\Common": "lib/"
                }
            },
            "notification-url": "https://packagist.org/downloads/",
            "license": [
                "MIT"
            ],
            "authors": [
                {
                    "name": "Jonathan H. Wage",
                    "email": "jonwage@gmail.com",
                    "homepage": "http://www.jwage.com/"
                },
                {
                    "name": "Guilherme Blanco",
                    "email": "guilhermeblanco@gmail.com",
                    "homepage": "http://www.instaclick.com"
                },
                {
                    "name": "Roman Borschel",
                    "email": "roman@code-factory.org"
                },
                {
                    "name": "Benjamin Eberlei",
                    "email": "kontakt@beberlei.de"
                },
                {
                    "name": "Johannes Schmitt",
                    "email": "schmittjoh@gmail.com",
                    "homepage": "http://jmsyst.com",
                    "role": "Developer of wrapped JMSSerializerBundle"
                }
            ],
            "description": "Common Library for Doctrine projects",
            "homepage": "http://www.doctrine-project.org",
            "keywords": [
                "annotations",
                "collections",
                "eventmanager",
                "persistence",
                "spl"
            ],
            "time": "2012-09-19 22:55:18"
        },
        {
            "name": "doctrine/doctrine-module",
            "version": "0.7.1",
            "source": {
                "type": "git",
                "url": "git://github.com/doctrine/DoctrineModule.git",
                "reference": "0.7.1"
            },
            "dist": {
                "type": "zip",
                "url": "https://github.com/doctrine/DoctrineModule/archive/0.7.1.zip",
                "reference": "0.7.1",
                "shasum": ""
            },
            "require": {
                "doctrine/common": ">=2.3-dev,<2.5-dev",
                "php": ">=5.3.3",
                "symfony/console": ">=2.0.13",
                "zendframework/zend-authentication": "2.*",
                "zendframework/zend-cache": "2.*",
                "zendframework/zend-mvc": "2.*",
                "zendframework/zend-paginator": "2.*",
                "zendframework/zend-servicemanager": "2.*",
                "zendframework/zend-stdlib": "2.*",
                "zendframework/zend-validator": "2.*"
            },
            "suggest": {
                "doctrine/data-fixtures": "Data Fixtures if you want to generate test data or bootstrap data for your deployments"
            },
            "bin": [
                "bin/doctrine-module"
            ],
            "type": "library",
            "extra": {
                "branch-alias": {
                    "dev-master": "0.8.x-dev"
                }
            },
            "autoload": {
                "psr-0": {
                    "DoctrineModule\\": "src/",
                    "DoctrineModuleTest\\": "tests/"
                }
            },
            "notification-url": "https://packagist.org/downloads/",
            "license": [
                "MIT"
            ],
            "authors": [
                {
                    "name": "Kyle Spraggs",
                    "email": "theman@spiffyjr.me",
                    "homepage": "http://www.spiffyjr.me/"
                },
                {
                    "name": "Marco Pivetta",
                    "email": "ocramius@gmail.com",
                    "homepage": "http://marco-pivetta.com/",
                    "role": "Developer"
                },
                {
                    "name": "Evan Coury",
                    "email": "me@evancoury.com",
                    "homepage": "http://blog.evan.pro/"
                },
                {
                    "name": "Guilherme Blanco",
                    "email": "guilhermeblanco@hotmail.com"
                },
                {
                    "name": "Michaël Gallego",
                    "email": "mic.gallego@gmail.com",
                    "homepage": "http://www.michaelgallego.fr"
                }
            ],
            "description": "Zend Framework 2 Module that provides Doctrine basic functionality required for ORM and ODM modules",
            "homepage": "http://www.doctrine-project.org/",
            "keywords": [
                "doctrine",
                "module",
                "zf2"
            ],
            "time": "2013-01-14 14:25:26"
        },
        {
            "name": "doctrine/doctrine-mongo-odm-module",
            "version": "dev-master",
            "source": {
                "type": "git",
                "url": "https://github.com/doctrine/DoctrineMongoODMModule.git",
                "reference": "82af54922ab1ef957a80493638f747b5469da069"
            },
            "dist": {
                "type": "zip",
                "url": "https://api.github.com/repos/doctrine/DoctrineMongoODMModule/zipball/82af54922ab1ef957a80493638f747b5469da069",
                "reference": "82af54922ab1ef957a80493638f747b5469da069",
                "shasum": ""
            },
            "require": {
                "doctrine/doctrine-module": "0.7.*",
                "doctrine/mongodb-odm": "1.*",
                "php": ">=5.3.3",
                "zendframework/zend-mvc": "2.*",
                "zendframework/zend-servicemanager": "2.*",
                "zendframework/zend-stdlib": "2.*"
            },
            "type": "library",
            "extra": {
                "branch-alias": {
                    "dev-master": "0.8.x-dev"
                }
            },
            "autoload": {
                "psr-0": {
                    "DoctrineMongoODMModule\\": "src/",
                    "DoctrineMongoODMModuleTest\\": "tests/"
                }
            },
            "notification-url": "https://packagist.org/downloads/",
            "license": [
                "MIT"
            ],
            "authors": [
                {
                    "name": "Kyle Spraggs",
                    "email": "theman@spiffyjr.me",
                    "homepage": "http://www.spiffyjr.me/"
                },
                {
                    "name": "Marco Pivetta",
                    "email": "ocramius@gmail.com",
                    "homepage": "http://marco-pivetta.com/",
                    "role": "Developer"
                },
                {
                    "name": "Evan Coury",
                    "email": "me@evancoury.com",
                    "homepage": "http://blog.evan.pro/"
                },
                {
                    "name": "Guilherme Blanco",
                    "email": "guilhermeblanco@hotmail.com"
                },
                {
                    "name": "Tim Roediger",
                    "email": "superdweebie@gmail.com",
                    "homepage": "http://superdweebie.com"
                }
            ],
            "description": "Zend Framework 2 Module that provides Doctrine MongoDB ODM functionality",
            "homepage": "http://www.doctrine-project.org/",
            "keywords": [
                "doctrine",
                "module",
                "mongodb",
                "odm",
                "zf2"
            ],
            "time": "2013-03-21 09:52:01"
        },
        {
            "name": "doctrine/mongodb",
            "version": "1.0.2",
            "source": {
                "type": "git",
                "url": "https://github.com/doctrine/mongodb.git",
                "reference": "1.0.2"
            },
            "dist": {
                "type": "zip",
                "url": "https://api.github.com/repos/doctrine/mongodb/zipball/1.0.2",
                "reference": "1.0.2",
                "shasum": ""
            },
            "require": {
                "doctrine/common": ">=2.1.0,<2.5-dev",
                "ext-mongo": ">=1.2.12,<1.4-dev",
                "php": ">=5.3.2"
            },
            "type": "library",
            "autoload": {
                "psr-0": {
                    "Doctrine\\MongoDB": "lib/"
                }
            },
            "notification-url": "https://packagist.org/downloads/",
            "license": [
                "MIT"
            ],
            "authors": [
                {
                    "name": "Bulat Shakirzyanov",
                    "email": "mallluhuct@gmail.com",
                    "homepage": "http://avalanche123.com"
                },
                {
                    "name": "Jonathan H. Wage",
                    "email": "jonwage@gmail.com",
                    "homepage": "http://www.jwage.com/"
                },
                {
                    "name": "Kris Wallsmith",
                    "email": "kris.wallsmith@gmail.com",
                    "homepage": "http://kriswallsmith.net/"
                },
                {
                    "name": "Jeremy Mikola",
                    "email": "jmikola@gmail.com",
                    "homepage": "http://jmikola.net"
                }
            ],
            "description": "Doctrine MongoDB Abstraction Layer",
            "homepage": "http://www.doctrine-project.org",
            "keywords": [
                "database",
                "mongodb",
                "persistence"
            ],
            "time": "2013-01-16 19:54:24"
        },
        {
            "name": "doctrine/mongodb-odm",
            "version": "1.0.0-BETA8",
            "source": {
                "type": "git",
                "url": "https://github.com/doctrine/mongodb-odm.git",
                "reference": "1.0.0-BETA8"
            },
            "dist": {
                "type": "zip",
                "url": "https://api.github.com/repos/doctrine/mongodb-odm/zipball/1.0.0-BETA8",
                "reference": "1.0.0-BETA8",
                "shasum": ""
            },
            "require": {
                "doctrine/common": ">=2.2.0,<2.5-dev",
                "doctrine/mongodb": "1.0.*",
                "php": ">=5.3.2",
                "symfony/console": ">=2.0-dev,<2.3-dev"
            },
            "require-dev": {
                "symfony/yaml": ">=2.0-dev,<2.3-dev"
            },
            "suggest": {
                "symfony/yaml": "Enables the YAML metadata mapping driver"
            },
            "type": "library",
            "extra": {
                "branch-alias": {
                    "dev-master": "1.0.x-dev"
                }
            },
            "autoload": {
                "psr-0": {
                    "Doctrine\\ODM\\MongoDB": "lib/"
                }
            },
            "notification-url": "https://packagist.org/downloads/",
            "license": [
                "MIT"
            ],
            "authors": [
                {
                    "name": "Bulat Shakirzyanov",
                    "email": "mallluhuct@gmail.com",
                    "homepage": "http://avalanche123.com"
                },
                {
                    "name": "Jonathan H. Wage",
                    "email": "jonwage@gmail.com",
                    "homepage": "http://www.jwage.com/"
                },
                {
                    "name": "Kris Wallsmith",
                    "email": "kris.wallsmith@gmail.com",
                    "homepage": "http://kriswallsmith.net/"
                },
                {
                    "name": "Jeremy Mikola",
                    "email": "jmikola@gmail.com",
                    "homepage": "http://jmikola.net"
                }
            ],
            "description": "Doctrine MongoDB Object Document Mapper",
            "homepage": "http://www.doctrine-project.org",
            "keywords": [
                "database",
                "mongodb",
                "odm",
                "persistence"
            ],
            "time": "2013-02-26 22:19:21"
        },
        {
            "name": "symfony/console",
            "version": "v2.2.0",
            "target-dir": "Symfony/Component/Console",
            "source": {
                "type": "git",
                "url": "https://github.com/symfony/Console.git",
                "reference": "v2.2.0"
            },
            "dist": {
                "type": "zip",
                "url": "https://api.github.com/repos/symfony/Console/zipball/v2.2.0",
                "reference": "v2.2.0",
                "shasum": ""
            },
            "require": {
                "php": ">=5.3.3"
            },
            "type": "library",
            "extra": {
                "branch-alias": {
                    "dev-master": "2.2-dev"
                }
            },
            "autoload": {
                "psr-0": {
                    "Symfony\\Component\\Console\\": ""
                }
            },
            "notification-url": "https://packagist.org/downloads/",
            "license": [
                "MIT"
            ],
            "authors": [
                {
                    "name": "Fabien Potencier",
                    "email": "fabien@symfony.com"
                },
                {
                    "name": "Symfony Community",
                    "homepage": "http://symfony.com/contributors"
                }
            ],
            "description": "Symfony Console Component",
            "homepage": "http://symfony.com",
            "time": "2013-03-01 06:43:14"
        },
        {
            "name": "zendframework/zend-developer-tools",
            "version": "dev-master",
            "source": {
                "type": "git",
                "url": "https://github.com/zendframework/ZendDeveloperTools.git",
                "reference": "341015914744a58501cd5e2cc53ee4fcb055348e"
            },
            "dist": {
                "type": "zip",
                "url": "https://api.github.com/repos/zendframework/ZendDeveloperTools/zipball/341015914744a58501cd5e2cc53ee4fcb055348e",
                "reference": "341015914744a58501cd5e2cc53ee4fcb055348e",
                "shasum": ""
            },
            "require": {
                "php": ">=5.3.3",
                "zendframework/zend-eventmanager": "2.*",
                "zendframework/zend-mvc": "2.*",
                "zendframework/zend-servicemanager": "2.*",
                "zendframework/zend-stdlib": "2.*",
                "zendframework/zend-version": "2.*"
            },
            "suggest": {
                "bjyoungblood/bjy-profiler": "Version: dev-master, allows the usage of the (Zend) Db collector."
            },
            "type": "zf-module",
            "autoload": {
                "psr-0": {
                    "ZendDeveloperTools": "src/"
                },
                "classmap": [
                    "./Module.php"
                ]
            },
            "notification-url": "https://packagist.org/downloads/",
            "license": [
                "BSD-3-Clause"
            ],
            "authors": [
                {
                    "name": "Evan Coury",
                    "email": "me@evancoury.com",
                    "homepage": "http://blog.evan.pro/"
                },
                {
                    "name": "Eric Boh",
                    "email": "cossish@gmail.com"
                }
            ],
            "description": "Module for developer and debug tools for working with the ZF2 MVC layer.",
            "homepage": "https://github.com/zendframework/ZendDeveloperTools",
            "keywords": [
                "debug",
                "developer",
                "module",
                "zf2"
            ],
            "time": "2013-03-06 22:15:40"
        },
        {
            "name": "zendframework/zendframework",
            "version": "2.1.4",
            "source": {
                "type": "git",
                "url": "https://github.com/zendframework/zf2.git",
                "reference": "release-2.1.4"
            },
            "dist": {
                "type": "zip",
                "url": "https://api.github.com/repos/zendframework/zf2/zipball/release-2.1.4",
                "reference": "release-2.1.4",
                "shasum": ""
            },
            "require": {
                "php": ">=5.3.3"
            },
            "replace": {
                "zendframework/zend-authentication": "self.version",
                "zendframework/zend-barcode": "self.version",
                "zendframework/zend-cache": "self.version",
                "zendframework/zend-captcha": "self.version",
                "zendframework/zend-code": "self.version",
                "zendframework/zend-config": "self.version",
                "zendframework/zend-console": "self.version",
                "zendframework/zend-crypt": "self.version",
                "zendframework/zend-db": "self.version",
                "zendframework/zend-debug": "self.version",
                "zendframework/zend-di": "self.version",
                "zendframework/zend-dom": "self.version",
                "zendframework/zend-escaper": "self.version",
                "zendframework/zend-eventmanager": "self.version",
                "zendframework/zend-feed": "self.version",
                "zendframework/zend-file": "self.version",
                "zendframework/zend-filter": "self.version",
                "zendframework/zend-form": "self.version",
                "zendframework/zend-http": "self.version",
                "zendframework/zend-i18n": "self.version",
                "zendframework/zend-inputfilter": "self.version",
                "zendframework/zend-json": "self.version",
                "zendframework/zend-ldap": "self.version",
                "zendframework/zend-loader": "self.version",
                "zendframework/zend-log": "self.version",
                "zendframework/zend-mail": "self.version",
                "zendframework/zend-math": "self.version",
                "zendframework/zend-memory": "self.version",
                "zendframework/zend-mime": "self.version",
                "zendframework/zend-modulemanager": "self.version",
                "zendframework/zend-mvc": "self.version",
                "zendframework/zend-navigation": "self.version",
                "zendframework/zend-paginator": "self.version",
                "zendframework/zend-permissions-acl": "self.version",
                "zendframework/zend-permissions-rbac": "self.version",
                "zendframework/zend-progressbar": "self.version",
                "zendframework/zend-serializer": "self.version",
                "zendframework/zend-server": "self.version",
                "zendframework/zend-servicemanager": "self.version",
                "zendframework/zend-session": "self.version",
                "zendframework/zend-soap": "self.version",
                "zendframework/zend-stdlib": "self.version",
                "zendframework/zend-tag": "self.version",
                "zendframework/zend-test": "self.version",
                "zendframework/zend-text": "self.version",
                "zendframework/zend-uri": "self.version",
                "zendframework/zend-validator": "self.version",
                "zendframework/zend-version": "self.version",
                "zendframework/zend-view": "self.version",
                "zendframework/zend-xmlrpc": "self.version"
            },
            "require-dev": {
                "doctrine/common": ">=2.1",
                "ircmaxell/random-lib": "dev-master",
                "ircmaxell/security-lib": "dev-master",
                "phpunit/phpunit": "3.7.*"
            },
            "suggest": {
                "doctrine/common": "Doctrine\\Common >=2.1 for annotation features",
                "ext-intl": "ext/intl for i18n features",
                "ircmaxell/random-lib": "Fallback random byte generator for Zend\\Math\\Rand if OpenSSL/Mcrypt extensions are unavailable",
                "pecl-weakref": "Implementation of weak references for Zend\\Stdlib\\CallbackHandler",
                "zendframework/zendpdf": "ZendPdf for creating PDF representations of barcodes",
                "zendframework/zendservice-recaptcha": "ZendService\\ReCaptcha for rendering ReCaptchas in Zend\\Captcha and/or Zend\\Form"
            },
            "bin": [
                "bin/classmap_generator.php"
            ],
            "type": "library",
            "extra": {
                "branch-alias": {
                    "dev-master": "2.1-dev",
                    "dev-develop": "2.2-dev"
                }
            },
            "autoload": {
                "psr-0": {
                    "Zend\\": "library/",
                    "ZendTest\\": "tests/"
                }
            },
            "notification-url": "https://packagist.org/downloads/",
            "license": [
                "BSD-3-Clause"
            ],
            "description": "Zend Framework 2",
            "homepage": "http://framework.zend.com/",
            "keywords": [
                "framework",
                "zf2"
            ],
            "time": "2013-03-13 22:26:48"
        }
    ],
    "packages-dev": [

    ],
    "aliases": [

    ],
    "minimum-stability": "alpha",
    "stability-flags": {
        "zendframework/zend-developer-tools": 20,
        "doctrine/doctrine-mongo-odm-module": 20
    },
    "platform": {
        "php": ">=5.3.3"
    },
    "platform-dev": [

    ]
}
